
Microsoft Visual Studio Solution File, Format Version 12.00
# Visual Studio 15
VisualStudioVersion = 15.0.28307.2017
MinimumVisualStudioVersion = 10.0.40219.1
Project("{FAE04EC0-301F-11D3-BF4B-00C04F79EFBC}") = "WebProjekat-PR44-2019", "WebProjekat-PR44-2019\WebProjekat-PR44-2019.csproj", "{A1913FF3-CDF1-4950-A340-6061F3D22B09}"
EndProject
Global
	GlobalSection(SolutionConfigurationPlatforms) = preSolution
		Debug|Any CPU = Debug|Any CPU
		Release|Any CPU = Release|Any CPU
	EndGlobalSection
	GlobalSection(ProjectConfigurationPlatforms) = postSolution
		{A1913FF3-CDF1-4950-A340-6061F3D22B09}.Debug|Any CPU.ActiveCfg = Debug|Any CPU
		{A1913FF3-CDF1-4950-A340-6061F3D22B09}.Debug|Any CPU.Build.0 = Debug|Any CPU
		{A1913FF3-CDF1-4950-A340-6061F3D22B09}.Release|Any CPU.ActiveCfg = Release|Any CPU
		{A1913FF3-CDF1-4950-A340-6061F3D22B09}.Release|Any CPU.Build.0 = Release|Any CPU
	EndGlobalSection
	GlobalSection(SolutionProperties) = preSolution
		HideSolutionNode = FALSE
	EndGlobalSection
	GlobalSection(ExtensibilityGlobals) = postSolution
		SolutionGuid = {20D07F17-14AA-43C7-A4BD-9082AB2A2A27}
	EndGlobalSection
EndGlobal
